
Microsoft Visual Studio Solution File, Format Version 12.00
# Visual Studio Version 16
VisualStudioVersion = 16.0.29102.190
MinimumVisualStudioVersion = 10.0.40219.1
Project("{FAE04EC0-301F-11D3-BF4B-00C04F79EFBC}") = "project1", "project1\project1.csproj", "{0001B197-D658-4E4A-96B0-C36B06B96953}"
EndProject
Global
	GlobalSection(SolutionConfigurationPlatforms) = preSolution
		Debug|Any CPU = Debug|Any CPU
		Release|Any CPU = Release|Any CPU
	EndGlobalSection
	GlobalSection(ProjectConfigurationPlatforms) = postSolution
		{0001B197-D658-4E4A-96B0-C36B06B96953}.Debug|Any CPU.ActiveCfg = Debug|Any CPU
		{0001B197-D658-4E4A-96B0-C36B06B96953}.Debug|Any CPU.Build.0 = Debug|Any CPU
		{0001B197-D658-4E4A-96B0-C36B06B96953}.Release|Any CPU.ActiveCfg = Release|Any CPU
		{0001B197-D658-4E4A-96B0-C36B06B96953}.Release|Any CPU.Build.0 = Release|Any CPU
	EndGlobalSection
	GlobalSection(SolutionProperties) = preSolution
		HideSolutionNode = FALSE
	EndGlobalSection
	GlobalSection(ExtensibilityGlobals) = postSolution
		SolutionGuid = {DEE094B1-0C0C-44EF-BD07-5E9944585FF5}
	EndGlobalSection
EndGlobal
